# THIS IS AN AUTOGENERATED FILE. DO NOT EDIT THIS FILE DIRECTLY.
# yarn lockfile v1


"@buxlabs/amd-to-es6@^0.13.3":
  version "0.13.3"
  resolved "https://registry.yarnpkg.com/@buxlabs/amd-to-es6/-/amd-to-es6-0.13.3.tgz#9784237d3fa1070062195ed630f4a58a19d8b368"
  integrity sha512-11ka5P0J8t8TvaR5f6ZXfyzR4nv0kOpWrqEJJa4YyOVOj+87U6paTkZA8yCYsxvo5q/wFupBikJivNfYwuRqnw==
  dependencies:
    abstract-syntax-tree "^1.1.2"
    array-uniq "^1.0.3"
    commander "^2.19.0"
    glob "^7.1.3"
    mkdirp "^0.5.1"
    pure-utilities "^1.1.4"

"@inquirer/checkbox@^1.3.1":
  version "1.3.1"
  resolved "https://registry.yarnpkg.com/@inquirer/checkbox/-/checkbox-1.3.1.tgz#d7454da57e46a4b3185db7a3da5ce687879cb540"
  integrity sha512-3l3aC6gYOPGaVOa9cNe4dZ8t96e3CFifC3Hee1MD+F7qaRxGAuXnhCQiUr4ngj2P7xd9U3DCDbLXNsLKQoHYCg==
  dependencies:
    "@inquirer/core" "^2.1.0"
    "@inquirer/type" "^1.1.0"
    ansi-escapes "^4.3.2"
    chalk "^4.1.2"
    figures "^3.2.0"

"@inquirer/confirm@^2.0.2":
  version "2.0.2"
  resolved "https://registry.yarnpkg.com/@inquirer/confirm/-/confirm-2.0.2.tgz#aaf23a7edad7c2e9d5d8fd3e33840347b9734a2b"
  integrity sha512-2/Ogb3fkVyCp/V9aowa3Ge/aNiZCwH58BPYLeaMxRGDRtGV70aw50194/WSfceNfliHOFGQF6Db39c7Q85Dpkg==
  dependencies:
    "@inquirer/core" "^2.1.0"
    "@inquirer/type" "^1.1.0"
    chalk "^4.1.2"

"@inquirer/core@^2.1.0":
  version "2.1.0"
  resolved "https://registry.yarnpkg.com/@inquirer/core/-/core-2.1.0.tgz#97bcc4eb5286a3a7ec63f20781d75a67aece3cc2"
  integrity sha512-Hq9hZ5G/VUaeWkSs283HZwwMbe79lcOI5HWwW1GIM1ohouy2/x489Qf/A1BJYvMUj+QG4LSB5LtVMjn9P3Ge6Q==
  dependencies:
    "@inquirer/type" "^1.1.0"
    ansi-escapes "^4.3.2"
    chalk "^4.1.2"
    cli-spinners "^2.8.0"
    cli-width "^4.0.0"
    figures "^3.2.0"
    mute-stream "^1.0.0"
    run-async "^3.0.0"
    string-width "^4.2.3"
    strip-ansi "^6.0.1"
    wrap-ansi "^6.0.1"

"@inquirer/editor@^1.2.0":
  version "1.2.0"
  resolved "https://registry.yarnpkg.com/@inquirer/editor/-/editor-1.2.0.tgz#e2646bcc471da142285b067433e7a83b88b0e320"
  integrity sha512-NMXLLNadvqIR6TD6mNZRa/PKHTvdaa4ndGGeXl+DwybQ4K7cVSJNRrztixpM1KDEoG8Ape5ightNwq25cyugTg==
  dependencies:
    "@inquirer/core" "^2.1.0"
    "@inquirer/type" "^1.1.0"
    chalk "^4.1.2"
    external-editor "^3.0.3"

"@inquirer/expand@^1.1.1":
  version "1.1.1"
  resolved "https://registry.yarnpkg.com/@inquirer/expand/-/expand-1.1.1.tgz#61dc7c374ed0a3fc6960f2160ae7954a6c00c480"
  integrity sha512-fXk5NG2FOAiluDWPYfXHuof3sklL/HhZh3NnXfnBZ2IhTCRzXvlXRcQcPlev2sGcZknHn0g6JdKlxjSa+7H2nQ==
  dependencies:
    "@inquirer/core" "^2.1.0"
    "@inquirer/type" "^1.1.0"
    chalk "^4.1.2"
    figures "^3.2.0"

"@inquirer/input@^1.2.1":
  version "1.2.1"
  resolved "https://registry.yarnpkg.com/@inquirer/input/-/input-1.2.1.tgz#d3af30ed9b312fb410b189c56f0d464b2c02c0ca"
  integrity sha512-OYwG3dEo1+lMAE6rYB8b1HTg8eSP++jk0pHSjKZu00gTlN5IHW/dliB82nsWe9Bn//93E9LJ1KrhjFMqOzkCFw==
  dependencies:
    "@inquirer/core" "^2.1.0"
    "@inquirer/type" "^1.1.0"
    chalk "^4.1.2"

"@inquirer/password@^1.1.1":
  version "1.1.1"
  resolved "https://registry.yarnpkg.com/@inquirer/password/-/password-1.1.1.tgz#4e6d0f3d9033196f7bb56d0cb1045fa7f93094f9"
  integrity sha512-3M03aA04hOA4lRjLviB9uGoNmmd1YDNo4CYSFM9Uh4qlXdgvhke3xPU07k3kVstRIo0Te1hF14RL7vEgHJQ8tA==
  dependencies:
    "@inquirer/input" "^1.2.1"
    "@inquirer/type" "^1.1.0"
    chalk "^4.1.2"

"@inquirer/prompts@^2.1.1":
  version "2.1.1"
  resolved "https://registry.yarnpkg.com/@inquirer/prompts/-/prompts-2.1.1.tgz#27a2701247edda8f3d334780fd14d1371e0f5d0c"
  integrity sha512-DTtdrf3JoXQpfD5vAhW9isUE7lgcOBN5ikkxTqhkXZY41CnrFt7I2DTOmUUUbkh5shrcwq7zzAmVesoW2KM5EA==
  dependencies:
    "@inquirer/checkbox" "^1.3.1"
    "@inquirer/confirm" "^2.0.2"
    "@inquirer/core" "^2.1.0"
    "@inquirer/editor" "^1.2.0"
    "@inquirer/expand" "^1.1.1"
    "@inquirer/input" "^1.2.1"
    "@inquirer/password" "^1.1.1"
    "@inquirer/rawlist" "^1.2.1"
    "@inquirer/select" "^1.2.1"

"@inquirer/rawlist@^1.2.1":
  version "1.2.1"
  resolved "https://registry.yarnpkg.com/@inquirer/rawlist/-/rawlist-1.2.1.tgz#fe41c813f547c6abab1d6b0f81470f2cedaaadec"
  integrity sha512-t8lMbE3Gqook4PvQYQl9eVJrl/mBy5kCgolwY9El8HLyGZ7Wc3SGIqHnQUlha4qms8HPOdUIBzyPfcAXl5+3SQ==
  dependencies:
    "@inquirer/core" "^2.1.0"
    "@inquirer/type" "^1.1.0"
    chalk "^4.1.2"

"@inquirer/select@^1.2.1":
  version "1.2.1"
  resolved "https://registry.yarnpkg.com/@inquirer/select/-/select-1.2.1.tgz#51c68ae116ab1e220fedacc225d7e7a7fd017b42"
  integrity sha512-13JDLtlwFoqQUYRdMzz5wP3a4DWccJfNA/8M8MDUhhZ8HeKZ3MPaTMlpxwY+Q0Jgbmt56nf7xUuck0XXPce8Xw==
  dependencies:
    "@inquirer/core" "^2.1.0"
    "@inquirer/type" "^1.1.0"
    ansi-escapes "^4.3.2"
    chalk "^4.1.2"
    figures "^3.2.0"

"@inquirer/type@^1.1.0":
  version "1.1.0"
  resolved "https://registry.yarnpkg.com/@inquirer/type/-/type-1.1.0.tgz#144d66e22f5a5d321a48f895060c375cc5fb3c02"
  integrity sha512-XMaorygt2o/mXinZg/OOz6d3JKuV3o4jRc/3KDiVPeKLLkjiO4iJErbLKtKn+Od2ZC2lbiFQkrIuloVpEubisA==

"@jridgewell/sourcemap-codec@^1.4.13":
  version "1.4.15"
  resolved "https://registry.yarnpkg.com/@jridgewell/sourcemap-codec/-/sourcemap-codec-1.4.15.tgz#d7c6e6755c78567a951e04ab52ef0fd26de59f32"
  integrity sha512-eF2rxCRulEKXHTRiDrDy6erMYWqNw4LPdQ8UQA4huuxaQsVeRPFl2oM8oDGxMFhJUWZf9McpLtJasDDZb/Bpeg==

"@rollup/plugin-commonjs@^25.0.1":
  version "25.0.1"
  resolved "https://registry.yarnpkg.com/@rollup/plugin-commonjs/-/plugin-commonjs-25.0.1.tgz#da984ea47f4450bb830fc1601bda130cfd603eb1"
  integrity sha512-2DJ4kv4b1xfTJopWhu61ANdNRHvzQZ2fpaIrlgaP2jOfUv1wDJ0Ucqy8AZlbFmn/iUjiwKoqki9j55Y6L8kyNQ==
  dependencies:
    "@rollup/pluginutils" "^5.0.1"
    commondir "^1.0.1"
    estree-walker "^2.0.2"
    glob "^8.0.3"
    is-reference "1.2.1"
    magic-string "^0.27.0"

"@rollup/plugin-inject@^5.0.1":
  version "5.0.3"
  resolved "https://registry.yarnpkg.com/@rollup/plugin-inject/-/plugin-inject-5.0.3.tgz#0783711efd93a9547d52971db73b2fb6140a67b1"
  integrity sha512-411QlbL+z2yXpRWFXSmw/teQRMkXcAAC8aYTemc15gwJRpvEVDQwoe+N/HTFD8RFG8+88Bme9DK2V9CVm7hJdA==
  dependencies:
    "@rollup/pluginutils" "^5.0.1"
    estree-walker "^2.0.2"
    magic-string "^0.27.0"

"@rollup/plugin-node-resolve@^15.1.0":
  version "15.1.0"
  resolved "https://registry.yarnpkg.com/@rollup/plugin-node-resolve/-/plugin-node-resolve-15.1.0.tgz#9ffcd8e8c457080dba89bb9fcb583a6778dc757e"
  integrity sha512-xeZHCgsiZ9pzYVgAo9580eCGqwh/XCEUM9q6iQfGNocjgkufHAqC3exA+45URvhiYV8sBF9RlBai650eNs7AsA==
  dependencies:
    "@rollup/pluginutils" "^5.0.1"
    "@types/resolve" "1.20.2"
    deepmerge "^4.2.2"
    is-builtin-module "^3.2.1"
    is-module "^1.0.0"
    resolve "^1.22.1"

"@rollup/pluginutils@^5.0.1":
  version "5.0.2"
  resolved "https://registry.yarnpkg.com/@rollup/pluginutils/-/pluginutils-5.0.2.tgz#012b8f53c71e4f6f9cb317e311df1404f56e7a33"
  integrity sha512-pTd9rIsP92h+B6wWwFbW8RkZv4hiR/xKsqre4SIuAOaOEQRxi0lqLke9k2/7WegC85GgUs9pjmOjCUi3In4vwA==
  dependencies:
    "@types/estree" "^1.0.0"
    estree-walker "^2.0.2"
    picomatch "^2.3.1"

"@types/estree@*", "@types/estree@^1.0.0":
  version "1.0.1"
  resolved "https://registry.yarnpkg.com/@types/estree/-/estree-1.0.1.tgz#aa22750962f3bf0e79d753d3cc067f010c95f194"
  integrity sha512-LG4opVs2ANWZ1TJoKc937iMmNstM/d0ae1vNbnBvBhqCSezgVUOzcLCqbI5elV8Vy6WKwKjaqR+zO9VKirBBCA==

"@types/resolve@1.20.2":
  version "1.20.2"
  resolved "https://registry.yarnpkg.com/@types/resolve/-/resolve-1.20.2.tgz#97d26e00cd4a0423b4af620abecf3e6f442b7975"
  integrity sha512-60BCwRFOZCQhDncwQdxxeOEEkbc5dIMccYLwbxsS4TUNeVECQ/pBJ0j09mrHOl/JJvpRPGwO9SvE4nR2Nb/a4Q==

abstract-syntax-tree@^1.1.2:
  version "1.1.2"
  resolved "https://registry.yarnpkg.com/abstract-syntax-tree/-/abstract-syntax-tree-1.1.2.tgz#d99036f0bc202c5a99df0c62963bf06cfad17cc9"
  integrity sha512-zEjHLuU8Vd5pw73WAlCH8/3OekPdMImSqalOwvU7LwDVNDjvmT89Jc+0D2zcdgkuR2oPUcSkXy8zOY5n7eV7pQ==
  dependencies:
    astring "^1.3.0"
    cherow "^1.6.8"
    comparify "^0.2.0"
    esquery "^1.0.1"
    estemplate "^0.5.1"
    estraverse "^4.2.0"
    prettier "^1.15.1"
    source-map "^0.7.2"
    to-ast "^1.0.0"

ansi-escapes@^4.3.2:
  version "4.3.2"
  resolved "https://registry.yarnpkg.com/ansi-escapes/-/ansi-escapes-4.3.2.tgz#6b2291d1db7d98b6521d5f1efa42d0f3a9feb65e"
  integrity sha512-gKXj5ALrKWQLsYG9jlTRmR/xKluxHV+Z9QEwNIgCfM1/uwPMCuzVVnh5mwTd+OuBZcwSIMbqssNWRm1lE51QaQ==
  dependencies:
    type-fest "^0.21.3"

ansi-regex@^5.0.1:
  version "5.0.1"
  resolved "https://registry.yarnpkg.com/ansi-regex/-/ansi-regex-5.0.1.tgz#082cb2c89c9fe8659a311a53bd6a4dc5301db304"
  integrity sha512-quJQXlTSUGL2LH9SUXo8VwsY4soanhgo6LNSm84E1LBcE8s3O0wpdiRzyR9z/ZZJMlMWv37qOOb9pdJlMUEKFQ==

ansi-styles@^4.0.0, ansi-styles@^4.1.0:
  version "4.3.0"
  resolved "https://registry.yarnpkg.com/ansi-styles/-/ansi-styles-4.3.0.tgz#edd803628ae71c04c85ae7a0906edad34b648937"
  integrity sha512-zbB9rCJAT1rbjiVDb2hqKFHNYLxgtk8NURxZ3IZwD3F6NtxbXZQCnnSi1Lkx+IDohdPlFp222wVALIheZJQSEg==
  dependencies:
    color-convert "^2.0.1"

array-uniq@^1.0.3:
  version "1.0.3"
  resolved "https://registry.yarnpkg.com/array-uniq/-/array-uniq-1.0.3.tgz#af6ac877a25cc7f74e058894753858dfdb24fdb6"
  integrity sha512-MNha4BWQ6JbwhFhj03YK552f7cb3AzoE8SzeljgChvL1dl3IcvggXVz1DilzySZkCja+CXuZbdW7yATchWn8/Q==

ast-types@^0.7.2:
  version "0.7.8"
  resolved "https://registry.yarnpkg.com/ast-types/-/ast-types-0.7.8.tgz#902d2e0d60d071bdcd46dc115e1809ed11c138a9"
  integrity sha512-RIOpVnVlltB6PcBJ5BMLx+H+6JJ/zjDGU0t7f0L6c2M1dqcK92VQopLBlPQ9R80AVXelfqYgjcPLtHtDbNFg0Q==

astring@^1.3.0:
  version "1.8.6"
  resolved "https://registry.yarnpkg.com/astring/-/astring-1.8.6.tgz#2c9c157cf1739d67561c56ba896e6948f6b93731"
  integrity sha512-ISvCdHdlTDlH5IpxQJIex7BWBywFWgjJSVdwst+/iQCoEYnyOaQ95+X1JGshuBjGp6nxKUy1jMgE3zPqN7fQdg==

balanced-match@^1.0.0:
  version "1.0.2"
  resolved "https://registry.yarnpkg.com/balanced-match/-/balanced-match-1.0.2.tgz#e83e3a7e3f300b34cb9d87f615fa0cbf357690ee"
  integrity sha512-3oSeUO0TMV67hN1AmbXsK4yaqU7tjiHlbxRDZOpH0KW9+CeX4bRAaX0Anxt0tx2MrpRpWwQaPwIlISEJhYU5Pw==

brace-expansion@^1.1.7:
  version "1.1.11"
  resolved "https://registry.yarnpkg.com/brace-expansion/-/brace-expansion-1.1.11.tgz#3c7fcbf529d87226f3d2f52b966ff5271eb441dd"
  integrity sha512-iCuPHDFgrHX7H2vEI/5xpz07zSHB00TpugqhmYtVmMO6518mCuRMoOYFldEBl0g187ufozdaHgWKcYFb61qGiA==
  dependencies:
    balanced-match "^1.0.0"
    concat-map "0.0.1"

brace-expansion@^2.0.1:
  version "2.0.1"
  resolved "https://registry.yarnpkg.com/brace-expansion/-/brace-expansion-2.0.1.tgz#1edc459e0f0c548486ecf9fc99f2221364b9a0ae"
  integrity sha512-XnAIvQ8eM+kC6aULx6wuQiwVsnzsi9d3WxzV3FpWTGA19F621kwdbsAcFKXgKUHZWsy+mY6iL1sHTxWEFCytDA==
  dependencies:
    balanced-match "^1.0.0"

builtin-modules@^3.3.0:
  version "3.3.0"
  resolved "https://registry.yarnpkg.com/builtin-modules/-/builtin-modules-3.3.0.tgz#cae62812b89801e9656336e46223e030386be7b6"
  integrity sha512-zhaCDicdLuWN5UbN5IMnFqNMhNfo919sH85y2/ea+5Yg9TsTkeZxpL+JLbp6cgYFS4sRLp3YV4S6yDuqVWHYOw==

chalk@^4.1.2:
  version "4.1.2"
  resolved "https://registry.yarnpkg.com/chalk/-/chalk-4.1.2.tgz#aac4e2b7734a740867aeb16bf02aad556a1e7a01"
  integrity sha512-oKnbhFyRIXpUuez8iBMmyEa4nbj4IOQyuhc/wy9kY7/WVPcwIO9VA668Pu8RkO7+0G76SLROeyw9CpQ061i4mA==
  dependencies:
    ansi-styles "^4.1.0"
    supports-color "^7.1.0"

chardet@^0.7.0:
  version "0.7.0"
  resolved "https://registry.yarnpkg.com/chardet/-/chardet-0.7.0.tgz#90094849f0937f2eedc2425d0d28a9e5f0cbad9e"
  integrity sha512-mT8iDcrh03qDGRRmoA2hmBJnxpllMR+0/0qlzjqZES6NdiWDcZkCNAk4rPFZ9Q85r27unkiNNg8ZOiwZXBHwcA==

cherow@^1.6.8:
  version "1.6.9"
  resolved "https://registry.yarnpkg.com/cherow/-/cherow-1.6.9.tgz#7c5e34fce297f152a6f7853dcc9fe2f9e1b36ab8"
  integrity sha512-pmmkpIQRcnDA7EawKcg9+ncSZNTYfXqDx+K3oqqYvpZlqVBChjTomTfw+hePnkqYR3Y013818c0R1Q5P/7PGrQ==

cli-spinners@^2.8.0:
  version "2.9.0"
  resolved "https://registry.yarnpkg.com/cli-spinners/-/cli-spinners-2.9.0.tgz#5881d0ad96381e117bbe07ad91f2008fe6ffd8db"
  integrity sha512-4/aL9X3Wh0yiMQlE+eeRhWP6vclO3QRtw1JHKIT0FFUs5FjpFmESqtMvYZ0+lbzBw900b95mS0hohy+qn2VK/g==

cli-width@^4.0.0:
  version "4.0.0"
  resolved "https://registry.yarnpkg.com/cli-width/-/cli-width-4.0.0.tgz#a5622f6a3b0a9e3e711a25f099bf2399f608caf6"
  integrity sha512-ZksGS2xpa/bYkNzN3BAw1wEjsLV/ZKOf/CCrJ/QOBsxx6fOARIkwTutxp1XIOIohi6HKmOFjMoK/XaqDVUpEEw==

color-convert@^2.0.1:
  version "2.0.1"
  resolved "https://registry.yarnpkg.com/color-convert/-/color-convert-2.0.1.tgz#72d3a68d598c9bdb3af2ad1e84f21d896abd4de3"
  integrity sha512-RRECPsj7iu/xb5oKYcsFHSppFNnsj/52OVTRKb4zP5onXwVF3zVmmToNcOfGC+CRDpfK/U584fMg38ZHCaElKQ==
  dependencies:
    color-name "~1.1.4"

color-name@~1.1.4:
  version "1.1.4"
  resolved "https://registry.yarnpkg.com/color-name/-/color-name-1.1.4.tgz#c2a09a87acbde69543de6f63fa3995c826c536a2"
  integrity sha512-dOy+3AuW3a2wNbZHIuMZpTcgjGuLU/uBL/ubcZF9OXbDo8ff4O8yVp5Bf0efS8uEoYo5q4Fx7dY9OgQGXgAsQA==

commander@^2.19.0:
  version "2.20.3"
  resolved "https://registry.yarnpkg.com/commander/-/commander-2.20.3.tgz#fd485e84c03eb4881c20722ba48035e8531aeb33"
  integrity sha512-GpVkmM8vF2vQUkj2LvZmD35JxeJOLCwJ9cUkugyk2nuhbv3+mJvpLYYt+0+USMxE+oj+ey/lJEnhZw75x/OMcQ==

commondir@^1.0.1:
  version "1.0.1"
  resolved "https://registry.yarnpkg.com/commondir/-/commondir-1.0.1.tgz#ddd800da0c66127393cca5950ea968a3aaf1253b"
  integrity sha512-W9pAhw0ja1Edb5GVdIF1mjZw/ASI0AlShXM83UUGe2DVr5TdAPEA1OA8m/g8zWp9x6On7gqufY+FatDbC3MDQg==

comparify@^0.2.0:
  version "0.2.0"
  resolved "https://registry.yarnpkg.com/comparify/-/comparify-0.2.0.tgz#c1fd6aa1e1df222bbf10b0bbf17198397e70c66d"
  integrity sha512-4sFRMAzu7Z9WCMG8RgmlwZWVMFeReD+N3k8kgwh9jzw1puHdvXv0CuBtfOYj9rXdKNAgOozdBEU7p+6Hm/GK9g==

concat-map@0.0.1:
  version "0.0.1"
  resolved "https://registry.yarnpkg.com/concat-map/-/concat-map-0.0.1.tgz#d8a96bd77fd68df7793a73036a3ba0d5405d477b"
  integrity sha512-/Srv4dswyQNBfohGpz9o6Yb3Gz3SrUDqBH5rTuhGR7ahtlbYKnVxw2bCFMRljaA7EXHaXZ8wsHdodFvbkhKmqg==

deepmerge@^4.2.2:
  version "4.3.1"
  resolved "https://registry.yarnpkg.com/deepmerge/-/deepmerge-4.3.1.tgz#44b5f2147cd3b00d4b56137685966f26fd25dd4a"
  integrity sha512-3sUqbMEc77XqpdNO7FRyRog+eW3ph+GYCbj+rK+uYyRMuwsVy0rMiVtPn+QJlKFvWP/1PYpapqYn0Me2knFn+A==

emoji-regex@^8.0.0:
  version "8.0.0"
  resolved "https://registry.yarnpkg.com/emoji-regex/-/emoji-regex-8.0.0.tgz#e818fd69ce5ccfcb404594f842963bf53164cc37"
  integrity sha512-MSjYzcWNOA0ewAHpz0MxpYFvwg6yjy1NG3xteoqz644VCo/RPgnr1/GGt+ic3iJTzQ8Eu3TdM14SawnVUmGE6A==

escape-string-regexp@^1.0.5:
  version "1.0.5"
  resolved "https://registry.yarnpkg.com/escape-string-regexp/-/escape-string-regexp-1.0.5.tgz#1b61c0562190a8dff6ae3bb2cf0200ca130b86d4"
  integrity sha512-vbRorB5FUQWvla16U8R/qgaFIya2qGzwDrNmCZuYKrbdSUMG6I1ZCGQRefkRVhuOkIGVne7BQ35DSfo1qvJqFg==

esprima@^2.1.0, esprima@^2.7.2:
  version "2.7.3"
  resolved "https://registry.yarnpkg.com/esprima/-/esprima-2.7.3.tgz#96e3b70d5779f6ad49cd032673d1c312767ba581"
  integrity sha512-OarPfz0lFCiW4/AV2Oy1Rp9qu0iusTKqykwTspGCZtPxmF81JR4MmIebvF1F9+UOKth2ZubLQ4XGGaU+hSn99A==

esquery@^1.0.1:
  version "1.5.0"
  resolved "https://registry.yarnpkg.com/esquery/-/esquery-1.5.0.tgz#6ce17738de8577694edd7361c57182ac8cb0db0b"
  integrity sha512-YQLXUplAwJgCydQ78IMJywZCceoqk1oH01OERdSAJc/7U2AylwjhSCLDEtqwg811idIS/9fIU5GjG73IgjKMVg==
  dependencies:
    estraverse "^5.1.0"

estemplate@^0.5.1:
  version "0.5.1"
  resolved "https://registry.yarnpkg.com/estemplate/-/estemplate-0.5.1.tgz#1714a9d46190738ac958bcafd49e029cda56a39e"
  integrity sha512-Nlsn+0F3aRN3Pf6znsfy7VFGtR3pMNnjcbQa54eIJKRynDhHBjp9UwmAIbMDLjboKUMVs7wPut/azvFsH+yavw==
  dependencies:
    esprima "^2.7.2"
    estraverse "^4.1.1"

estraverse@^4.1.1, estraverse@^4.2.0:
  version "4.3.0"
  resolved "https://registry.yarnpkg.com/estraverse/-/estraverse-4.3.0.tgz#398ad3f3c5a24948be7725e83d11a7de28cdbd1d"
  integrity sha512-39nnKffWz8xN1BU/2c79n9nB9HDzo0niYUqx6xyqUnyoAnQyyWpOTdZEeiCch8BBu515t4wp9ZmgVfVhn9EBpw==

estraverse@^5.1.0:
  version "5.3.0"
  resolved "https://registry.yarnpkg.com/estraverse/-/estraverse-5.3.0.tgz#2eea5290702f26ab8fe5370370ff86c965d21123"
  integrity sha512-MMdARuVEQziNTeJD8DgMqmhwR11BRQ/cBP+pLtYdSTnf3MIO8fFeiINEbX36ZdNlfU/7A9f3gUw49B3oQsvwBA==

estree-walker@^0.6.1:
  version "0.6.1"
  resolved "https://registry.yarnpkg.com/estree-walker/-/estree-walker-0.6.1.tgz#53049143f40c6eb918b23671d1fe3219f3a1b362"
  integrity sha512-SqmZANLWS0mnatqbSfRP5g8OXZC12Fgg1IwNtLsyHDzJizORW4khDfjPqJZsemPWBB2uqykUah5YpQ6epsqC/w==

estree-walker@^2.0.2:
  version "2.0.2"
  resolved "https://registry.yarnpkg.com/estree-walker/-/estree-walker-2.0.2.tgz#52f010178c2a4c117a7757cfe942adb7d2da4cac"
  integrity sha512-Rfkk/Mp/DL7JVje3u18FxFujQlTNR2q6QfMSMB7AvCBx91NGj/ba3kCfza0f6dVDbw7YlRf/nDrn7pQrCCyQ/w==

external-editor@^3.0.3:
  version "3.1.0"
  resolved "https://registry.yarnpkg.com/external-editor/-/external-editor-3.1.0.tgz#cb03f740befae03ea4d283caed2741a83f335495"
  integrity sha512-hMQ4CX1p1izmuLYyZqLMO/qGNw10wSv9QDCPfzXfyFrOaCSSoRfqE1Kf1s5an66J5JZC62NewG+mK49jOCtQew==
  dependencies:
    chardet "^0.7.0"
    iconv-lite "^0.4.24"
    tmp "^0.0.33"

figures@^3.2.0:
  version "3.2.0"
  resolved "https://registry.yarnpkg.com/figures/-/figures-3.2.0.tgz#625c18bd293c604dc4a8ddb2febf0c88341746af"
  integrity sha512-yaduQFRKLXYOGgEn6AZau90j3ggSOyiqXU0F9JZfeXYhNa+Jk4X+s45A2zg5jns87GAFa34BBm2kXw4XpNcbdg==
  dependencies:
    escape-string-regexp "^1.0.5"

fs.realpath@^1.0.0:
  version "1.0.0"
  resolved "https://registry.yarnpkg.com/fs.realpath/-/fs.realpath-1.0.0.tgz#1504ad2523158caa40db4a2787cb01411994ea4f"
  integrity sha512-OO0pH2lK6a0hZnAdau5ItzHPI6pUlvI7jMVnxUQRtw4owF2wk8lOSabtGDCTP4Ggrg2MbGnWO9X8K1t4+fGMDw==

fsevents@~2.3.2:
  version "2.3.2"
  resolved "https://registry.yarnpkg.com/fsevents/-/fsevents-2.3.2.tgz#8a526f78b8fdf4623b709e0b975c52c24c02fd1a"
  integrity sha512-xiqMQR4xAeHTuB9uWm+fFRcIOgKBMiOBP+eXiyT7jsgVCq1bkVygt00oASowB7EdtpOHaaPgKt812P9ab+DDKA==

function-bind@^1.1.1:
  version "1.1.1"
  resolved "https://registry.yarnpkg.com/function-bind/-/function-bind-1.1.1.tgz#a56899d3ea3c9bab874bb9773b7c5ede92f4895d"
  integrity sha512-yIovAzMX49sF8Yl58fSCWJ5svSLuaibPxXQJFLmBObTuCr0Mf1KiPopGM9NiFjiYBCbfaa2Fh6breQ6ANVTI0A==

glob@^7.1.3:
  version "7.2.3"
  resolved "https://registry.yarnpkg.com/glob/-/glob-7.2.3.tgz#b8df0fb802bbfa8e89bd1d938b4e16578ed44f2b"
  integrity sha512-nFR0zLpU2YCaRxwoCJvL6UvCH2JFyFVIvwTLsIf21AuHlMskA1hhTdk+LlYJtOlYt9v6dvszD2BGRqBL+iQK9Q==
  dependencies:
    fs.realpath "^1.0.0"
    inflight "^1.0.4"
    inherits "2"
    minimatch "^3.1.1"
    once "^1.3.0"
    path-is-absolute "^1.0.0"

glob@^8.0.3:
  version "8.1.0"
  resolved "https://registry.yarnpkg.com/glob/-/glob-8.1.0.tgz#d388f656593ef708ee3e34640fdfb99a9fd1c33e"
  integrity sha512-r8hpEjiQEYlF2QU0df3dS+nxxSIreXQS1qRhMJM0Q5NDdR386C7jb7Hwwod8Fgiuex+k0GFjgft18yvxm5XoCQ==
  dependencies:
    fs.realpath "^1.0.0"
    inflight "^1.0.4"
    inherits "2"
    minimatch "^5.0.1"
    once "^1.3.0"

has-flag@^4.0.0:
  version "4.0.0"
  resolved "https://registry.yarnpkg.com/has-flag/-/has-flag-4.0.0.tgz#944771fd9c81c81265c4d6941860da06bb59479b"
  integrity sha512-EykJT/Q1KjTWctppgIAgfSO0tKVuZUjhgMr17kqTumMl6Afv3EISleU7qZUzoXDFTAHTDC4NOoG/ZxU3EvlMPQ==

has@^1.0.3:
  version "1.0.3"
  resolved "https://registry.yarnpkg.com/has/-/has-1.0.3.tgz#722d7cbfc1f6aa8241f16dd814e011e1f41e8796"
  integrity sha512-f2dvO0VU6Oej7RkWJGrehjbzMAjFp5/VKPp5tTpWIV4JHHZK1/BxbFRtf/siA2SWTe09caDmVtYYzWEIbBS4zw==
  dependencies:
    function-bind "^1.1.1"

iconv-lite@^0.4.24:
  version "0.4.24"
  resolved "https://registry.yarnpkg.com/iconv-lite/-/iconv-lite-0.4.24.tgz#2022b4b25fbddc21d2f524974a474aafe733908b"
  integrity sha512-v3MXnZAcvnywkTUEZomIActle7RXXeedOR31wwl7VlyoXO4Qi9arvSenNQWne1TcRwhCL1HwLI21bEqdpj8/rA==
  dependencies:
    safer-buffer ">= 2.1.2 < 3"

inflight@^1.0.4:
  version "1.0.6"
  resolved "https://registry.yarnpkg.com/inflight/-/inflight-1.0.6.tgz#49bd6331d7d02d0c09bc910a1075ba8165b56df9"
  integrity sha512-k92I/b08q4wvFscXCLvqfsHCrjrF7yiXsQuIVvVE7N82W3+aqpzuUdBbfhWcy/FZR3/4IgflMgKLOsvPDrGCJA==
  dependencies:
    once "^1.3.0"
    wrappy "1"

inherits@2:
  version "2.0.4"
  resolved "https://registry.yarnpkg.com/inherits/-/inherits-2.0.4.tgz#0fa2c64f932917c3433a0ded55363aae37416b7c"
  integrity sha512-k/vGaX4/Yla3WzyMCvTQOXYeIHvqOKtnqBduzTHpzpQZzAskKMhZ2K+EnBiSM9zGSoIFeMpXKxa4dYeZIQqewQ==

is-builtin-module@^3.2.1:
  version "3.2.1"
  resolved "https://registry.yarnpkg.com/is-builtin-module/-/is-builtin-module-3.2.1.tgz#f03271717d8654cfcaf07ab0463faa3571581169"
  integrity sha512-BSLE3HnV2syZ0FK0iMA/yUGplUeMmNz4AW5fnTunbCIqZi4vG3WjJT9FHMy5D69xmAYBHXQhJdALdpwVxV501A==
  dependencies:
    builtin-modules "^3.3.0"

is-core-module@^2.11.0:
  version "2.12.1"
  resolved "https://registry.yarnpkg.com/is-core-module/-/is-core-module-2.12.1.tgz#0c0b6885b6f80011c71541ce15c8d66cf5a4f9fd"
  integrity sha512-Q4ZuBAe2FUsKtyQJoQHlvP8OvBERxO3jEmy1I7hcRXcJBGGHFh/aJBswbXuS9sgrDH2QUO8ilkwNPHvHMd8clg==
  dependencies:
    has "^1.0.3"

is-fullwidth-code-point@^3.0.0:
  version "3.0.0"
  resolved "https://registry.yarnpkg.com/is-fullwidth-code-point/-/is-fullwidth-code-point-3.0.0.tgz#f116f8064fe90b3f7844a38997c0b75051269f1d"
  integrity sha512-zymm5+u+sCsSWyD9qNaejV3DFvhCKclKdizYaJUuHA83RLjb7nSuGnddCHGv0hk+KY7BMAlsWeK4Ueg6EV6XQg==

is-module@^1.0.0:
  version "1.0.0"
  resolved "https://registry.yarnpkg.com/is-module/-/is-module-1.0.0.tgz#3258fb69f78c14d5b815d664336b4cffb6441591"
  integrity sha512-51ypPSPCoTEIN9dy5Oy+h4pShgJmPCygKfyRCISBI+JoWT/2oJvK8QPxmwv7b/p239jXrm9M1mlQbyKJ5A152g==

is-reference@1.2.1:
  version "1.2.1"
  resolved "https://registry.yarnpkg.com/is-reference/-/is-reference-1.2.1.tgz#8b2dac0b371f4bc994fdeaba9eb542d03002d0b7"
  integrity sha512-U82MsXXiFIrjCK4otLT+o2NA2Cd2g5MLoOVXUZjIOhLurrRxpEXzI8O0KZHr3IjLvlAH1kTPYSuqer5T9ZVBKQ==
  dependencies:
    "@types/estree" "*"

magic-string@^0.27.0:
  version "0.27.0"
  resolved "https://registry.yarnpkg.com/magic-string/-/magic-string-0.27.0.tgz#e4a3413b4bab6d98d2becffd48b4a257effdbbf3"
  integrity sha512-8UnnX2PeRAPZuN12svgR9j7M1uWMovg/CEnIwIG0LFkXSJJe4PdfUGiTGl8V9bsBHFUtfVINcSyYxd7q+kx9fA==
  dependencies:
    "@jridgewell/sourcemap-codec" "^1.4.13"

minimatch@^3.1.1:
  version "3.1.2"
  resolved "https://registry.yarnpkg.com/minimatch/-/minimatch-3.1.2.tgz#19cd194bfd3e428f049a70817c038d89ab4be35b"
  integrity sha512-J7p63hRiAjw1NDEww1W7i37+ByIrOWO5XQQAzZ3VOcL0PNybwpfmV/N05zFAzwQ9USyEcX6t3UO+K5aqBQOIHw==
  dependencies:
    brace-expansion "^1.1.7"

minimatch@^5.0.1:
  version "5.1.6"
  resolved "https://registry.yarnpkg.com/minimatch/-/minimatch-5.1.6.tgz#1cfcb8cf5522ea69952cd2af95ae09477f122a96"
  integrity sha512-lKwV/1brpG6mBUFHtb7NUmtABCb2WZZmm2wNiOA5hAb8VdCS4B3dtMWyvcoViccwAW/COERjXLt0zP1zXUN26g==
  dependencies:
    brace-expansion "^2.0.1"

minimist@^1.2.6:
  version "1.2.8"
  resolved "https://registry.yarnpkg.com/minimist/-/minimist-1.2.8.tgz#c1a464e7693302e082a075cee0c057741ac4772c"
  integrity sha512-2yyAR8qBkN3YuheJanUpWC5U3bb5osDywNB8RzDVlDwDHbocAJveqqj1u8+SVD7jkWT4yvsHCpWqqWqAxb0zCA==

mkdirp@^0.5.1:
  version "0.5.6"
  resolved "https://registry.yarnpkg.com/mkdirp/-/mkdirp-0.5.6.tgz#7def03d2432dcae4ba1d611445c48396062255f6"
  integrity sha512-FP+p8RB8OWpF3YZBCrP5gtADmtXApB5AMLn+vdyA+PyxCjrCs00mjyUozssO33cwDeT3wNGdLxJ5M//YqtHAJw==
  dependencies:
    minimist "^1.2.6"

mute-stream@^1.0.0:
  version "1.0.0"
  resolved "https://registry.yarnpkg.com/mute-stream/-/mute-stream-1.0.0.tgz#e31bd9fe62f0aed23520aa4324ea6671531e013e"
  integrity sha512-avsJQhyd+680gKXyG/sQc0nXaC6rBkPOfyHYcFb9+hdkqQkR9bdnkJ0AMZhke0oesPqIO+mFFJ+IdBc7mst4IA==

once@^1.3.0:
  version "1.4.0"
  resolved "https://registry.yarnpkg.com/once/-/once-1.4.0.tgz#583b1aa775961d4b113ac17d9c50baef9dd76bd1"
  integrity sha512-lNaJgI+2Q5URQBkccEKHTQOPaXdUxnZZElQTZY0MFUAuaEqe1E+Nyvgdz/aIyNi6Z9MzO5dv1H8n58/GELp3+w==
  dependencies:
    wrappy "1"

os-tmpdir@~1.0.2:
  version "1.0.2"
  resolved "https://registry.yarnpkg.com/os-tmpdir/-/os-tmpdir-1.0.2.tgz#bbe67406c79aa85c5cfec766fe5734555dfa1274"
  integrity sha512-D2FR03Vir7FIu45XBY20mTb+/ZSWB00sjU9jdQXt83gDrI4Ztz5Fs7/yy74g2N5SVQY4xY1qDr4rNddwYRVX0g==

path-is-absolute@^1.0.0:
  version "1.0.1"
  resolved "https://registry.yarnpkg.com/path-is-absolute/-/path-is-absolute-1.0.1.tgz#174b9268735534ffbc7ace6bf53a5a9e1b5c5f5f"
  integrity sha512-AVbw3UJ2e9bq64vSaS9Am0fje1Pa8pbGqTTsmXfaIiMpnr5DlDhfJOuLj9Sf95ZPVDAUerDfEk88MPmPe7UCQg==

path-parse@^1.0.7:
  version "1.0.7"
  resolved "https://registry.yarnpkg.com/path-parse/-/path-parse-1.0.7.tgz#fbc114b60ca42b30d9daf5858e4bd68bbedb6735"
  integrity sha512-LDJzPVEEEPR+y48z93A0Ed0yXb8pAByGWo/k5YYdYgpY2/2EsOsksJrq7lOHxryrVOn1ejG6oAp8ahvOIQD8sw==

picomatch@^2.3.1:
  version "2.3.1"
  resolved "https://registry.yarnpkg.com/picomatch/-/picomatch-2.3.1.tgz#3ba3833733646d9d3e4995946c1365a67fb07a42"
  integrity sha512-JU3teHTNjmE2VCGFzuY8EXzCDVwEqB2a8fsIvwaStHhAWJEeVd1o1QD80CU6+ZdEXXSLbSsuLwJjkCBWqRQUVA==

prettier@^1.15.1:
  version "1.19.1"
  resolved "https://registry.yarnpkg.com/prettier/-/prettier-1.19.1.tgz#f7d7f5ff8a9cd872a7be4ca142095956a60797cb"
  integrity sha512-s7PoyDv/II1ObgQunCbB9PdLmUcBZcnWOcxDh7O0N/UwDEsHyqkW+Qh28jW+mVuCdx7gLB0BotYI1Y6uI9iyew==

pure-utilities@^1.1.4:
  version "1.3.0"
  resolved "https://registry.yarnpkg.com/pure-utilities/-/pure-utilities-1.3.0.tgz#e0292d343d1e576652cfe8308708958cc095d1fa"
  integrity sha512-26WfRjAv4sKGNvyN/qi0EtYBASJLOrnQC/nN67D4K7ZFx3POOmhrNMFHtgeH+12RtEaXZ5O4rCZrcuuI+9cXNg==

resolve@^1.22.1:
  version "1.22.2"
  resolved "https://registry.yarnpkg.com/resolve/-/resolve-1.22.2.tgz#0ed0943d4e301867955766c9f3e1ae6d01c6845f"
  integrity sha512-Sb+mjNHOULsBv818T40qSPeRiuWLyaGMa5ewydRLFimneixmVy2zdivRl+AF6jaYPC8ERxGDmFSiqui6SfPd+g==
  dependencies:
    is-core-module "^2.11.0"
    path-parse "^1.0.7"
    supports-preserve-symlinks-flag "^1.0.0"

rollup-plugin-amd@^4.0.0:
  version "4.0.0"
  resolved "https://registry.yarnpkg.com/rollup-plugin-amd/-/rollup-plugin-amd-4.0.0.tgz#15753e6608d107468dc1de3fcdebed1a3d099eb9"
  integrity sha512-0/Trr5t1B3RqFL8WNHklOIIXqtZa+46Gi6CeB4rgj7YubOUsqtt8rcrzwZTPXLhnt7jw2Zr/Gt2k2LQLX99bNA==
  dependencies:
    "@buxlabs/amd-to-es6" "^0.13.3"
    rollup-pluginutils "^2.3.3"

rollup-plugin-polyfill-node@^0.12.0:
  version "0.12.0"
  resolved "https://registry.yarnpkg.com/rollup-plugin-polyfill-node/-/rollup-plugin-polyfill-node-0.12.0.tgz#33d421ddb7fcb69c234461e508ca6d2db6193f1d"
  integrity sha512-PWEVfDxLEKt8JX1nZ0NkUAgXpkZMTb85rO/Ru9AQ69wYW8VUCfDgP4CGRXXWYni5wDF0vIeR1UoF3Jmw/Lt3Ug==
  dependencies:
    "@rollup/plugin-inject" "^5.0.1"

rollup-pluginutils@^2.3.3:
  version "2.8.2"
  resolved "https://registry.yarnpkg.com/rollup-pluginutils/-/rollup-pluginutils-2.8.2.tgz#72f2af0748b592364dbd3389e600e5a9444a351e"
  integrity sha512-EEp9NhnUkwY8aif6bxgovPHMoMoNr2FulJziTndpt5H9RdwC47GSGuII9XxpSdzVGM0GWrNPHV6ie1LTNJPaLQ==
  dependencies:
    estree-walker "^0.6.1"

rollup@^3.25.1:
  version "3.25.1"
  resolved "https://registry.yarnpkg.com/rollup/-/rollup-3.25.1.tgz#9fff79d22ff1a904b2b595a2fb9bc3793cb987d8"
  integrity sha512-tywOR+rwIt5m2ZAWSe5AIJcTat8vGlnPFAv15ycCrw33t6iFsXZ6mzHVFh2psSjxQPmI+xgzMZZizUAukBI4aQ==
  optionalDependencies:
    fsevents "~2.3.2"

run-async@^3.0.0:
  version "3.0.0"
  resolved "https://registry.yarnpkg.com/run-async/-/run-async-3.0.0.tgz#42a432f6d76c689522058984384df28be379daad"
  integrity sha512-540WwVDOMxA6dN6We19EcT9sc3hkXPw5mzRNGM3FkdN/vtE9NFvj5lFAPNwUDmJjXidm3v7TC1cTE7t17Ulm1Q==

"safer-buffer@>= 2.1.2 < 3":
  version "2.1.2"
  resolved "https://registry.yarnpkg.com/safer-buffer/-/safer-buffer-2.1.2.tgz#44fa161b0187b9549dd84bb91802f9bd8385cd6a"
  integrity sha512-YZo3K82SD7Riyi0E1EQPojLz7kpepnSQI9IyPbHHg1XXXevb5dJI7tpyN2ADxGcQbHG7vcyRHk0cbwqcQriUtg==

source-map@^0.7.2:
  version "0.7.4"
  resolved "https://registry.yarnpkg.com/source-map/-/source-map-0.7.4.tgz#a9bbe705c9d8846f4e08ff6765acf0f1b0898656"
  integrity sha512-l3BikUxvPOcn5E74dZiq5BGsTb5yEwhaTSzccU6t4sDOH8NWJCstKO5QT2CvtFoK6F0saL7p9xHAqHOlCPJygA==

string-width@^4.1.0, string-width@^4.2.3:
  version "4.2.3"
  resolved "https://registry.yarnpkg.com/string-width/-/string-width-4.2.3.tgz#269c7117d27b05ad2e536830a8ec895ef9c6d010"
  integrity sha512-wKyQRQpjJ0sIp62ErSZdGsjMJWsap5oRNihHhu6G7JVO/9jIB6UyevL+tXuOqrng8j/cxKTWyWUwvSTriiZz/g==
  dependencies:
    emoji-regex "^8.0.0"
    is-fullwidth-code-point "^3.0.0"
    strip-ansi "^6.0.1"

strip-ansi@^6.0.0, strip-ansi@^6.0.1:
  version "6.0.1"
  resolved "https://registry.yarnpkg.com/strip-ansi/-/strip-ansi-6.0.1.tgz#9e26c63d30f53443e9489495b2105d37b67a85d9"
  integrity sha512-Y38VPSHcqkFrCpFnQ9vuSXmquuv5oXOKpGeT6aGrr3o3Gc9AlVa6JBfUSOCnbxGGZF+/0ooI7KrPuUSztUdU5A==
  dependencies:
    ansi-regex "^5.0.1"

supports-color@^7.1.0:
  version "7.2.0"
  resolved "https://registry.yarnpkg.com/supports-color/-/supports-color-7.2.0.tgz#1b7dcdcb32b8138801b3e478ba6a51caa89648da"
  integrity sha512-qpCAvRl9stuOHveKsn7HncJRvv501qIacKzQlO/+Lwxc9+0q2wLyv4Dfvt80/DPn2pqOBsJdDiogXGR9+OvwRw==
  dependencies:
    has-flag "^4.0.0"

supports-preserve-symlinks-flag@^1.0.0:
  version "1.0.0"
  resolved "https://registry.yarnpkg.com/supports-preserve-symlinks-flag/-/supports-preserve-symlinks-flag-1.0.0.tgz#6eda4bd344a3c94aea376d4cc31bc77311039e09"
  integrity sha512-ot0WnXS9fgdkgIcePe6RHNk1WA8+muPa6cSjeR3V8K27q9BB1rTE3R1p7Hv0z1ZyAc8s6Vvv8DIyWf681MAt0w==

tmp@^0.0.33:
  version "0.0.33"
  resolved "https://registry.yarnpkg.com/tmp/-/tmp-0.0.33.tgz#6d34335889768d21b2bcda0aa277ced3b1bfadf9"
  integrity sha512-jRCJlojKnZ3addtTOjdIqoRuPEKBvNXcGYqzO6zWZX8KfKEpnGY5jfggJQ3EjKuu8D4bJRr0y+cYJFmYbImXGw==
  dependencies:
    os-tmpdir "~1.0.2"

to-ast@^1.0.0:
  version "1.0.0"
  resolved "https://registry.yarnpkg.com/to-ast/-/to-ast-1.0.0.tgz#0c4a31c8c98edfde9aaf0192c794b4c8b11ee287"
  integrity sha512-FZpqARevv2F9BQZAeOx4b8F1tp07qqITCevw5spzKMC7ewcsP4y42kQosjctkAoROtzMNGbmD5n9ZN+vWmSN/Q==
  dependencies:
    ast-types "^0.7.2"
    esprima "^2.1.0"

type-fest@^0.21.3:
  version "0.21.3"
  resolved "https://registry.yarnpkg.com/type-fest/-/type-fest-0.21.3.tgz#d260a24b0198436e133fa26a524a6d65fa3b2e37"
  integrity sha512-t0rzBq87m3fVcduHDUFhKmyyX+9eo6WQjZvf51Ea/M0Q7+T374Jp1aUiyUl0GKxp8M/OETVHSDvmkyPgvX+X2w==

wrap-ansi@^6.0.1:
  version "6.2.0"
  resolved "https://registry.yarnpkg.com/wrap-ansi/-/wrap-ansi-6.2.0.tgz#e9393ba07102e6c91a3b221478f0257cd2856e53"
  integrity sha512-r6lPcBGxZXlIcymEu7InxDMhdW0KDxpLgoFLcguasxCaJ/SOIZwINatK9KY/tf+ZrlywOKU0UDj3ATXUBfxJXA==
  dependencies:
    ansi-styles "^4.0.0"
    string-width "^4.1.0"
    strip-ansi "^6.0.0"

wrappy@1:
  version "1.0.2"
  resolved "https://registry.yarnpkg.com/wrappy/-/wrappy-1.0.2.tgz#b5243d8f3ec1aa35f1364605bc0d1036e30ab69f"
  integrity sha512-l4Sp/DRseor9wL6EvV2+TuQn63dMkPjZ/sp9XkghTEbV9KlPS1xUsZ3u7/IQO4wxtcFB4bgpQPRcR3QCvezPcQ==
